
Microsoft Visual Studio Solution File, Format Version 12.00
# Visual Studio Version 16
VisualStudioVersion = 16.0.30011.22
MinimumVisualStudioVersion = 10.0.40219.1
Project("{FAE04EC0-301F-11D3-BF4B-00C04F79EFBC}") = "Komodo_Challenges", "Komodo_Challenges\Komodo_Challenges.csproj", "{CE66C67E-B641-448D-9E61-3F303643FD67}"
EndProject
Project("{FAE04EC0-301F-11D3-BF4B-00C04F79EFBC}") = "01_CafeMenu_Repo", "Menu_Repo\01_CafeMenu_Repo.csproj", "{DE366E6C-5151-4781-9BD8-5CA0E98970EB}"
EndProject
Project("{FAE04EC0-301F-11D3-BF4B-00C04F79EFBC}") = "01_CafeMenu_Repo_Console", "Menu_Repo_Console\01_CafeMenu_Repo_Console.csproj", "{CBDBA150-1985-4DBA-9EB4-6B38B15C2397}"
EndProject
Project("{FAE04EC0-301F-11D3-BF4B-00C04F79EFBC}") = "01_CafeMenu_Repo_Tests", "Menu_Repo_Tests\01_CafeMenu_Repo_Tests.csproj", "{FE0CD5B0-4C8C-4484-8BAA-C2B4979625CC}"
EndProject
Project("{FAE04EC0-301F-11D3-BF4B-00C04F79EFBC}") = "02_ClaimsTests", "02_ClaimsTests\02_ClaimsTests.csproj", "{F1A4AA7B-6F09-468D-9D35-EF1004ABA735}"
EndProject
Project("{FAE04EC0-301F-11D3-BF4B-00C04F79EFBC}") = "02_ClaimsRepo", "02_ClaimsRepo\02_ClaimsRepo.csproj", "{73E717BB-30E5-443D-87ED-4D1A63765BBE}"
EndProject
Project("{FAE04EC0-301F-11D3-BF4B-00C04F79EFBC}") = "02_ClaimsConsole", "02_ClaimsConsole\02_ClaimsConsole.csproj", "{2259142C-AFA5-4C42-A8F6-565303DF05AE}"
EndProject
Project("{FAE04EC0-301F-11D3-BF4B-00C04F79EFBC}") = "06_GreenPlanTests", "06_GreenPlanTests\06_GreenPlanTests.csproj", "{69CDF8A8-1E62-4CE8-964C-2E587A429C8A}"
EndProject
Project("{FAE04EC0-301F-11D3-BF4B-00C04F79EFBC}") = "06_GreenPlan_Console", "06_GreenPlan_Console\06_GreenPlan_Console.csproj", "{384A6541-99A6-4724-B862-7D6AF68F66FF}"
EndProject
Project("{FAE04EC0-301F-11D3-BF4B-00C04F79EFBC}") = "06_GreenPlan_Repo", "06_GreenPlan_Repo\06_GreenPlan_Repo.csproj", "{71450B38-0235-4915-B4BB-693A48C7FAD2}"
EndProject
Global
	GlobalSection(SolutionConfigurationPlatforms) = preSolution
		Debug|Any CPU = Debug|Any CPU
		Release|Any CPU = Release|Any CPU
	EndGlobalSection
	GlobalSection(ProjectConfigurationPlatforms) = postSolution
		{CE66C67E-B641-448D-9E61-3F303643FD67}.Debug|Any CPU.ActiveCfg = Debug|Any CPU
		{CE66C67E-B641-448D-9E61-3F303643FD67}.Debug|Any CPU.Build.0 = Debug|Any CPU
		{CE66C67E-B641-448D-9E61-3F303643FD67}.Release|Any CPU.ActiveCfg = Release|Any CPU
		{CE66C67E-B641-448D-9E61-3F303643FD67}.Release|Any CPU.Build.0 = Release|Any CPU
		{DE366E6C-5151-4781-9BD8-5CA0E98970EB}.Debug|Any CPU.ActiveCfg = Debug|Any CPU
		{DE366E6C-5151-4781-9BD8-5CA0E98970EB}.Debug|Any CPU.Build.0 = Debug|Any CPU
		{DE366E6C-5151-4781-9BD8-5CA0E98970EB}.Release|Any CPU.ActiveCfg = Release|Any CPU
		{DE366E6C-5151-4781-9BD8-5CA0E98970EB}.Release|Any CPU.Build.0 = Release|Any CPU
		{CBDBA150-1985-4DBA-9EB4-6B38B15C2397}.Debug|Any CPU.ActiveCfg = Debug|Any CPU
		{CBDBA150-1985-4DBA-9EB4-6B38B15C2397}.Debug|Any CPU.Build.0 = Debug|Any CPU
		{CBDBA150-1985-4DBA-9EB4-6B38B15C2397}.Release|Any CPU.ActiveCfg = Release|Any CPU
		{CBDBA150-1985-4DBA-9EB4-6B38B15C2397}.Release|Any CPU.Build.0 = Release|Any CPU
		{FE0CD5B0-4C8C-4484-8BAA-C2B4979625CC}.Debug|Any CPU.ActiveCfg = Debug|Any CPU
		{FE0CD5B0-4C8C-4484-8BAA-C2B4979625CC}.Debug|Any CPU.Build.0 = Debug|Any CPU
		{FE0CD5B0-4C8C-4484-8BAA-C2B4979625CC}.Release|Any CPU.ActiveCfg = Release|Any CPU
		{FE0CD5B0-4C8C-4484-8BAA-C2B4979625CC}.Release|Any CPU.Build.0 = Release|Any CPU
		{F1A4AA7B-6F09-468D-9D35-EF1004ABA735}.Debug|Any CPU.ActiveCfg = Debug|Any CPU
		{F1A4AA7B-6F09-468D-9D35-EF1004ABA735}.Debug|Any CPU.Build.0 = Debug|Any CPU
		{F1A4AA7B-6F09-468D-9D35-EF1004ABA735}.Release|Any CPU.ActiveCfg = Release|Any CPU
		{F1A4AA7B-6F09-468D-9D35-EF1004ABA735}.Release|Any CPU.Build.0 = Release|Any CPU
		{73E717BB-30E5-443D-87ED-4D1A63765BBE}.Debug|Any CPU.ActiveCfg = Debug|Any CPU
		{73E717BB-30E5-443D-87ED-4D1A63765BBE}.Debug|Any CPU.Build.0 = Debug|Any CPU
		{73E717BB-30E5-443D-87ED-4D1A63765BBE}.Release|Any CPU.ActiveCfg = Release|Any CPU
		{73E717BB-30E5-443D-87ED-4D1A63765BBE}.Release|Any CPU.Build.0 = Release|Any CPU
		{2259142C-AFA5-4C42-A8F6-565303DF05AE}.Debug|Any CPU.ActiveCfg = Debug|Any CPU
		{2259142C-AFA5-4C42-A8F6-565303DF05AE}.Debug|Any CPU.Build.0 = Debug|Any CPU
		{2259142C-AFA5-4C42-A8F6-565303DF05AE}.Release|Any CPU.ActiveCfg = Release|Any CPU
		{2259142C-AFA5-4C42-A8F6-565303DF05AE}.Release|Any CPU.Build.0 = Release|Any CPU
		{69CDF8A8-1E62-4CE8-964C-2E587A429C8A}.Debug|Any CPU.ActiveCfg = Debug|Any CPU
		{69CDF8A8-1E62-4CE8-964C-2E587A429C8A}.Debug|Any CPU.Build.0 = Debug|Any CPU
		{69CDF8A8-1E62-4CE8-964C-2E587A429C8A}.Release|Any CPU.ActiveCfg = Release|Any CPU
		{69CDF8A8-1E62-4CE8-964C-2E587A429C8A}.Release|Any CPU.Build.0 = Release|Any CPU
		{384A6541-99A6-4724-B862-7D6AF68F66FF}.Debug|Any CPU.ActiveCfg = Debug|Any CPU
		{384A6541-99A6-4724-B862-7D6AF68F66FF}.Debug|Any CPU.Build.0 = Debug|Any CPU
		{384A6541-99A6-4724-B862-7D6AF68F66FF}.Release|Any CPU.ActiveCfg = Release|Any CPU
		{384A6541-99A6-4724-B862-7D6AF68F66FF}.Release|Any CPU.Build.0 = Release|Any CPU
		{71450B38-0235-4915-B4BB-693A48C7FAD2}.Debug|Any CPU.ActiveCfg = Debug|Any CPU
		{71450B38-0235-4915-B4BB-693A48C7FAD2}.Debug|Any CPU.Build.0 = Debug|Any CPU
		{71450B38-0235-4915-B4BB-693A48C7FAD2}.Release|Any CPU.ActiveCfg = Release|Any CPU
		{71450B38-0235-4915-B4BB-693A48C7FAD2}.Release|Any CPU.Build.0 = Release|Any CPU
	EndGlobalSection
	GlobalSection(SolutionProperties) = preSolution
		HideSolutionNode = FALSE
	EndGlobalSection
	GlobalSection(ExtensibilityGlobals) = postSolution
		SolutionGuid = {7CDDC9EB-DADC-45C3-B157-1C429010CB50}
	EndGlobalSection
EndGlobal
